
Microsoft Visual Studio Solution File, Format Version 12.00
# Visual Studio Version 17
VisualStudioVersion = 17.11.35208.52
MinimumVisualStudioVersion = 10.0.40219.1
Project("{FAE04EC0-301F-11D3-BF4B-00C04F79EFBC}") = "Laboratorio151", "Laboratorio151\Laboratorio151.csproj", "{A826A5BA-AFB7-4462-BA56-549908A48FAB}"
EndProject
Project("{9A19103F-16F7-4668-BE54-9A1E7A4F7556}") = "Laboratorio152", "Laboratorio152\Laboratorio152.csproj", "{A9B05A5A-381A-439B-9212-5ED4E4D1C201}"
EndProject
Project("{FAE04EC0-301F-11D3-BF4B-00C04F79EFBC}") = "Laboratorio153", "Laboratorio153\Laboratorio153.csproj", "{6FED9BE1-1156-43AC-8F58-1F8717210650}"
EndProject
Project("{FAE04EC0-301F-11D3-BF4B-00C04F79EFBC}") = "Laboratorio154", "Laboratorio154\Laboratorio154.csproj", "{1CE08D45-FF21-4B63-9EC8-5BDE63952F5A}"
EndProject
Global
	GlobalSection(SolutionConfigurationPlatforms) = preSolution
		Debug|Any CPU = Debug|Any CPU
		Release|Any CPU = Release|Any CPU
	EndGlobalSection
	GlobalSection(ProjectConfigurationPlatforms) = postSolution
		{A826A5BA-AFB7-4462-BA56-549908A48FAB}.Debug|Any CPU.ActiveCfg = Debug|Any CPU
		{A826A5BA-AFB7-4462-BA56-549908A48FAB}.Debug|Any CPU.Build.0 = Debug|Any CPU
		{A826A5BA-AFB7-4462-BA56-549908A48FAB}.Release|Any CPU.ActiveCfg = Release|Any CPU
		{A826A5BA-AFB7-4462-BA56-549908A48FAB}.Release|Any CPU.Build.0 = Release|Any CPU
		{A9B05A5A-381A-439B-9212-5ED4E4D1C201}.Debug|Any CPU.ActiveCfg = Debug|Any CPU
		{A9B05A5A-381A-439B-9212-5ED4E4D1C201}.Debug|Any CPU.Build.0 = Debug|Any CPU
		{A9B05A5A-381A-439B-9212-5ED4E4D1C201}.Release|Any CPU.ActiveCfg = Release|Any CPU
		{A9B05A5A-381A-439B-9212-5ED4E4D1C201}.Release|Any CPU.Build.0 = Release|Any CPU
		{6FED9BE1-1156-43AC-8F58-1F8717210650}.Debug|Any CPU.ActiveCfg = Debug|Any CPU
		{6FED9BE1-1156-43AC-8F58-1F8717210650}.Debug|Any CPU.Build.0 = Debug|Any CPU
		{6FED9BE1-1156-43AC-8F58-1F8717210650}.Release|Any CPU.ActiveCfg = Release|Any CPU
		{6FED9BE1-1156-43AC-8F58-1F8717210650}.Release|Any CPU.Build.0 = Release|Any CPU
		{1CE08D45-FF21-4B63-9EC8-5BDE63952F5A}.Debug|Any CPU.ActiveCfg = Debug|Any CPU
		{1CE08D45-FF21-4B63-9EC8-5BDE63952F5A}.Debug|Any CPU.Build.0 = Debug|Any CPU
		{1CE08D45-FF21-4B63-9EC8-5BDE63952F5A}.Release|Any CPU.ActiveCfg = Release|Any CPU
		{1CE08D45-FF21-4B63-9EC8-5BDE63952F5A}.Release|Any CPU.Build.0 = Release|Any CPU
	EndGlobalSection
	GlobalSection(SolutionProperties) = preSolution
		HideSolutionNode = FALSE
	EndGlobalSection
	GlobalSection(ExtensibilityGlobals) = postSolution
		SolutionGuid = {6FC9A84B-8077-4F79-A1ED-27812020B62D}
	EndGlobalSection
EndGlobal
