
Microsoft Visual Studio Solution File, Format Version 12.00
# Visual Studio Version 17
VisualStudioVersion = 17.11.35208.52
MinimumVisualStudioVersion = 10.0.40219.1
Project("{FAE04EC0-301F-11D3-BF4B-00C04F79EFBC}") = "Laboratorio151", "Laboratorio151\Laboratorio151.csproj", "{A826A5BA-AFB7-4462-BA56-549908A48FAB}"
EndProject
Project("{FAE04EC0-301F-11D3-BF4B-00C04F79EFBC}") = "Laboratorio152", "Laboratorio152\Laboratorio152.csproj", "{A1098388-28FF-4459-8009-AA79F64CDFF9}"
EndProject
Project("{FAE04EC0-301F-11D3-BF4B-00C04F79EFBC}") = "Laboratorio153", "Laboratorio153\Laboratorio153.csproj", "{B8592FA3-9802-4E31-9860-4ACCFF84FAB8}"
EndProject
Global
	GlobalSection(SolutionConfigurationPlatforms) = preSolution
		Debug|Any CPU = Debug|Any CPU
		Release|Any CPU = Release|Any CPU
	EndGlobalSection
	GlobalSection(ProjectConfigurationPlatforms) = postSolution
		{A826A5BA-AFB7-4462-BA56-549908A48FAB}.Debug|Any CPU.ActiveCfg = Debug|Any CPU
		{A826A5BA-AFB7-4462-BA56-549908A48FAB}.Debug|Any CPU.Build.0 = Debug|Any CPU
		{A826A5BA-AFB7-4462-BA56-549908A48FAB}.Release|Any CPU.ActiveCfg = Release|Any CPU
		{A826A5BA-AFB7-4462-BA56-549908A48FAB}.Release|Any CPU.Build.0 = Release|Any CPU
		{A1098388-28FF-4459-8009-AA79F64CDFF9}.Debug|Any CPU.ActiveCfg = Debug|Any CPU
		{A1098388-28FF-4459-8009-AA79F64CDFF9}.Debug|Any CPU.Build.0 = Debug|Any CPU
		{A1098388-28FF-4459-8009-AA79F64CDFF9}.Release|Any CPU.ActiveCfg = Release|Any CPU
		{A1098388-28FF-4459-8009-AA79F64CDFF9}.Release|Any CPU.Build.0 = Release|Any CPU
		{B8592FA3-9802-4E31-9860-4ACCFF84FAB8}.Debug|Any CPU.ActiveCfg = Debug|Any CPU
		{B8592FA3-9802-4E31-9860-4ACCFF84FAB8}.Debug|Any CPU.Build.0 = Debug|Any CPU
		{B8592FA3-9802-4E31-9860-4ACCFF84FAB8}.Release|Any CPU.ActiveCfg = Release|Any CPU
		{B8592FA3-9802-4E31-9860-4ACCFF84FAB8}.Release|Any CPU.Build.0 = Release|Any CPU
	EndGlobalSection
	GlobalSection(SolutionProperties) = preSolution
		HideSolutionNode = FALSE
	EndGlobalSection
	GlobalSection(ExtensibilityGlobals) = postSolution
		SolutionGuid = {6FC9A84B-8077-4F79-A1ED-27812020B62D}
	EndGlobalSection
EndGlobal
