
Microsoft Visual Studio Solution File, Format Version 12.00
# Visual Studio Version 17
VisualStudioVersion = 17.11.35208.52
MinimumVisualStudioVersion = 10.0.40219.1
Project("{FAE04EC0-301F-11D3-BF4B-00C04F79EFBC}") = "Laboratorio13", "Laboratorio13\Laboratorio13.csproj", "{3B4C8CF9-A392-4743-B901-B7DF3F3D7905}"
EndProject
Global
	GlobalSection(SolutionConfigurationPlatforms) = preSolution
		Debug|Any CPU = Debug|Any CPU
		Release|Any CPU = Release|Any CPU
	EndGlobalSection
	GlobalSection(ProjectConfigurationPlatforms) = postSolution
		{3B4C8CF9-A392-4743-B901-B7DF3F3D7905}.Debug|Any CPU.ActiveCfg = Debug|Any CPU
		{3B4C8CF9-A392-4743-B901-B7DF3F3D7905}.Debug|Any CPU.Build.0 = Debug|Any CPU
		{3B4C8CF9-A392-4743-B901-B7DF3F3D7905}.Release|Any CPU.ActiveCfg = Release|Any CPU
		{3B4C8CF9-A392-4743-B901-B7DF3F3D7905}.Release|Any CPU.Build.0 = Release|Any CPU
	EndGlobalSection
	GlobalSection(SolutionProperties) = preSolution
		HideSolutionNode = FALSE
	EndGlobalSection
	GlobalSection(ExtensibilityGlobals) = postSolution
		SolutionGuid = {26A5C028-39D2-47D9-9AAF-285BDCCB6BAC}
	EndGlobalSection
EndGlobal
